
Microsoft Visual Studio Solution File, Format Version 12.00
# Visual Studio Version 17
VisualStudioVersion = 17.4.33403.182
MinimumVisualStudioVersion = 10.0.40219.1
Project("{FAE04EC0-301F-11D3-BF4B-00C04F79EFBC}") = "mf-dev-backend-2025", "mf-dev-backend-2025\mf-dev-backend-2025.csproj", "{81795CC4-18CD-4BD1-A110-0DCD511FBF64}"
EndProject
Global
	GlobalSection(SolutionConfigurationPlatforms) = preSolution
		Debug|Any CPU = Debug|Any CPU
		Release|Any CPU = Release|Any CPU
	EndGlobalSection
	GlobalSection(ProjectConfigurationPlatforms) = postSolution
		{81795CC4-18CD-4BD1-A110-0DCD511FBF64}.Debug|Any CPU.ActiveCfg = Debug|Any CPU
		{81795CC4-18CD-4BD1-A110-0DCD511FBF64}.Debug|Any CPU.Build.0 = Debug|Any CPU
		{81795CC4-18CD-4BD1-A110-0DCD511FBF64}.Release|Any CPU.ActiveCfg = Release|Any CPU
		{81795CC4-18CD-4BD1-A110-0DCD511FBF64}.Release|Any CPU.Build.0 = Release|Any CPU
	EndGlobalSection
	GlobalSection(SolutionProperties) = preSolution
		HideSolutionNode = FALSE
	EndGlobalSection
	GlobalSection(ExtensibilityGlobals) = postSolution
		SolutionGuid = {7C331F6A-2A81-495B-B234-049DFA46B05F}
	EndGlobalSection
EndGlobal
