
Microsoft Visual Studio Solution File, Format Version 12.00
# Visual Studio Version 17
VisualStudioVersion = 17.4.33403.182
MinimumVisualStudioVersion = 10.0.40219.1
Project("{FAE04EC0-301F-11D3-BF4B-00C04F79EFBC}") = "mf-dev-backend-2025", "mf-dev-backend-2025.csproj", "{64F7A564-A760-42C9-8469-C8B212B09F62}"
EndProject
Global
	GlobalSection(SolutionConfigurationPlatforms) = preSolution
		Debug|Any CPU = Debug|Any CPU
		Release|Any CPU = Release|Any CPU
	EndGlobalSection
	GlobalSection(ProjectConfigurationPlatforms) = postSolution
		{64F7A564-A760-42C9-8469-C8B212B09F62}.Debug|Any CPU.ActiveCfg = Debug|Any CPU
		{64F7A564-A760-42C9-8469-C8B212B09F62}.Debug|Any CPU.Build.0 = Debug|Any CPU
		{64F7A564-A760-42C9-8469-C8B212B09F62}.Release|Any CPU.ActiveCfg = Release|Any CPU
		{64F7A564-A760-42C9-8469-C8B212B09F62}.Release|Any CPU.Build.0 = Release|Any CPU
	EndGlobalSection
	GlobalSection(SolutionProperties) = preSolution
		HideSolutionNode = FALSE
	EndGlobalSection
	GlobalSection(ExtensibilityGlobals) = postSolution
		SolutionGuid = {AE5B6BDF-E5AB-4383-A051-1CD874D474EE}
	EndGlobalSection
EndGlobal
